// !$*UTF8*$!
{
	archiveVersion = 1;
	classes = {
	};
	objectVersion = 46;
	objects = {

/* Begin PBXBuildFile section */
		A61787D01EE7BC4C00C6F6EB /* AppDelegate.swift in Sources */ = {isa = PBXBuildFile; fileRef = A61787CF1EE7BC4C00C6F6EB /* AppDelegate.swift */; };
		A61787D21EE7BC4C00C6F6EB /* ViewController.swift in Sources */ = {isa = PBXBuildFile; fileRef = A61787D11EE7BC4C00C6F6EB /* ViewController.swift */; };
		A61787D51EE7BC4C00C6F6EB /* Main.storyboard in Resources */ = {isa = PBXBuildFile; fileRef = A61787D31EE7BC4C00C6F6EB /* Main.storyboard */; };
		A61787D71EE7BC4C00C6F6EB /* Assets.xcassets in Resources */ = {isa = PBXBuildFile; fileRef = A61787D61EE7BC4C00C6F6EB /* Assets.xcassets */; };
		A61787DA1EE7BC4C00C6F6EB /* LaunchScreen.storyboard in Resources */ = {isa = PBXBuildFile; fileRef = A61787D81EE7BC4C00C6F6EB /* LaunchScreen.storyboard */; };
		A61787E81EE7DD8000C6F6EB /* signboard_Caculation.png in Resources */ = {isa = PBXBuildFile; fileRef = A61787E71EE7DD8000C6F6EB /* signboard_Caculation.png */; };
		A61787EE1EE7E0C400C6F6EB /* Background.jpg in Resources */ = {isa = PBXBuildFile; fileRef = A61787ED1EE7E0C400C6F6EB /* Background.jpg */; };
		A63A463A1EE801820014C09A /* signboard_Score.png in Resources */ = {isa = PBXBuildFile; fileRef = A63A46381EE801820014C09A /* signboard_Score.png */; };
		A63A463B1EE801820014C09A /* signboard_Result.png in Resources */ = {isa = PBXBuildFile; fileRef = A63A46391EE801820014C09A /* signboard_Result.png */; };
		A657D4211EF3990300E05529 /* logo.png in Resources */ = {isa = PBXBuildFile; fileRef = A657D4201EF3990300E05529 /* logo.png */; };
		A657D4271EF3A0FA00E05529 /* Background_Home.jpg in Resources */ = {isa = PBXBuildFile; fileRef = A657D4261EF3A0FA00E05529 /* Background_Home.jpg */; };
		A657D42B1EF3A42F00E05529 /* btn_Close.png in Resources */ = {isa = PBXBuildFile; fileRef = A657D42A1EF3A42F00E05529 /* btn_Close.png */; };
		A657D42D1EF3A44300E05529 /* btn_Info.png in Resources */ = {isa = PBXBuildFile; fileRef = A657D42C1EF3A44300E05529 /* btn_Info.png */; };
		A657D42F1EF3A45000E05529 /* btn_Setting.png in Resources */ = {isa = PBXBuildFile; fileRef = A657D42E1EF3A45000E05529 /* btn_Setting.png */; };
		A657D4311EF3A46900E05529 /* btn_Play.png in Resources */ = {isa = PBXBuildFile; fileRef = A657D4301EF3A46900E05529 /* btn_Play.png */; };
		A657D4331EF3A4CA00E05529 /* btn_Refresh.png in Resources */ = {isa = PBXBuildFile; fileRef = A657D4321EF3A4CA00E05529 /* btn_Refresh.png */; };
		A657D4391EF3C72900E05529 /* ViewHome.swift in Sources */ = {isa = PBXBuildFile; fileRef = A657D4381EF3C72900E05529 /* ViewHome.swift */; };
		D3459FAB1EEB27FA00CDB8BD /* SCOREBOARD.ttf in Resources */ = {isa = PBXBuildFile; fileRef = D3459FAA1EEB27FA00CDB8BD /* SCOREBOARD.ttf */; };
/* End PBXBuildFile section */

/* Begin PBXFileReference section */
		A61787CC1EE7BC4C00C6F6EB /* MathChildren.app */ = {isa = PBXFileReference; explicitFileType = wrapper.application; includeInIndex = 0; path = MathChildren.app; sourceTree = BUILT_PRODUCTS_DIR; };
		A61787CF1EE7BC4C00C6F6EB /* AppDelegate.swift */ = {isa = PBXFileReference; lastKnownFileType = sourcecode.swift; path = AppDelegate.swift; sourceTree = "<group>"; };
		A61787D11EE7BC4C00C6F6EB /* ViewController.swift */ = {isa = PBXFileReference; lastKnownFileType = sourcecode.swift; path = ViewController.swift; sourceTree = "<group>"; };
		A61787D41EE7BC4C00C6F6EB /* Base */ = {isa = PBXFileReference; lastKnownFileType = file.storyboard; name = Base; path = Base.lproj/Main.storyboard; sourceTree = "<group>"; };
		A61787D61EE7BC4C00C6F6EB /* Assets.xcassets */ = {isa = PBXFileReference; lastKnownFileType = folder.assetcatalog; path = Assets.xcassets; sourceTree = "<group>"; };
		A61787D91EE7BC4C00C6F6EB /* Base */ = {isa = PBXFileReference; lastKnownFileType = file.storyboard; name = Base; path = Base.lproj/LaunchScreen.storyboard; sourceTree = "<group>"; };
		A61787DB1EE7BC4C00C6F6EB /* Info.plist */ = {isa = PBXFileReference; lastKnownFileType = text.plist.xml; path = Info.plist; sourceTree = "<group>"; };
		A61787E71EE7DD8000C6F6EB /* signboard_Caculation.png */ = {isa = PBXFileReference; lastKnownFileType = image.png; path = signboard_Caculation.png; sourceTree = "<group>"; };
		A61787ED1EE7E0C400C6F6EB /* Background.jpg */ = {isa = PBXFileReference; lastKnownFileType = image.jpeg; path = Background.jpg; sourceTree = "<group>"; };
		A63A46381EE801820014C09A /* signboard_Score.png */ = {isa = PBXFileReference; lastKnownFileType = image.png; path = signboard_Score.png; sourceTree = "<group>"; };
		A63A46391EE801820014C09A /* signboard_Result.png */ = {isa = PBXFileReference; lastKnownFileType = image.png; path = signboard_Result.png; sourceTree = "<group>"; };
		A657D4201EF3990300E05529 /* logo.png */ = {isa = PBXFileReference; lastKnownFileType = image.png; path = logo.png; sourceTree = "<group>"; };
		A657D4261EF3A0FA00E05529 /* Background_Home.jpg */ = {isa = PBXFileReference; lastKnownFileType = image.jpeg; path = Background_Home.jpg; sourceTree = "<group>"; };
		A657D42A1EF3A42F00E05529 /* btn_Close.png */ = {isa = PBXFileReference; lastKnownFileType = image.png; path = btn_Close.png; sourceTree = "<group>"; };
		A657D42C1EF3A44300E05529 /* btn_Info.png */ = {isa = PBXFileReference; lastKnownFileType = image.png; path = btn_Info.png; sourceTree = "<group>"; };
		A657D42E1EF3A45000E05529 /* btn_Setting.png */ = {isa = PBXFileReference; lastKnownFileType = image.png; path = btn_Setting.png; sourceTree = "<group>"; };
		A657D4301EF3A46900E05529 /* btn_Play.png */ = {isa = PBXFileReference; lastKnownFileType = image.png; path = btn_Play.png; sourceTree = "<group>"; };
		A657D4321EF3A4CA00E05529 /* btn_Refresh.png */ = {isa = PBXFileReference; lastKnownFileType = image.png; path = btn_Refresh.png; sourceTree = "<group>"; };
		A657D4381EF3C72900E05529 /* ViewHome.swift */ = {isa = PBXFileReference; fileEncoding = 4; lastKnownFileType = sourcecode.swift; path = ViewHome.swift; sourceTree = "<group>"; };
		D3459FAA1EEB27FA00CDB8BD /* SCOREBOARD.ttf */ = {isa = PBXFileReference; lastKnownFileType = file; path = SCOREBOARD.ttf; sourceTree = "<group>"; };
/* End PBXFileReference section */

/* Begin PBXFrameworksBuildPhase section */
		A61787C91EE7BC4C00C6F6EB /* Frameworks */ = {
			isa = PBXFrameworksBuildPhase;
			buildActionMask = 2147483647;
			files = (
			);
			runOnlyForDeploymentPostprocessing = 0;
		};
/* End PBXFrameworksBuildPhase section */

/* Begin PBXGroup section */
		A61787C31EE7BC4C00C6F6EB = {
			isa = PBXGroup;
			children = (
				A61787CE1EE7BC4C00C6F6EB /* MathChildren */,
				A61787CD1EE7BC4C00C6F6EB /* Products */,
			);
			sourceTree = "<group>";
		};
		A61787CD1EE7BC4C00C6F6EB /* Products */ = {
			isa = PBXGroup;
			children = (
				A61787CC1EE7BC4C00C6F6EB /* MathChildren.app */,
			);
			name = Products;
			sourceTree = "<group>";
		};
		A61787CE1EE7BC4C00C6F6EB /* MathChildren */ = {
			isa = PBXGroup;
			children = (
				A61787CF1EE7BC4C00C6F6EB /* AppDelegate.swift */,
				A61787D11EE7BC4C00C6F6EB /* ViewController.swift */,
				A61787D31EE7BC4C00C6F6EB /* Main.storyboard */,
				A61787D61EE7BC4C00C6F6EB /* Assets.xcassets */,
				A61787D81EE7BC4C00C6F6EB /* LaunchScreen.storyboard */,
				A61787DB1EE7BC4C00C6F6EB /* Info.plist */,
				A61787E21EE7DC9800C6F6EB /* Resource */,
				A657D4381EF3C72900E05529 /* ViewHome.swift */,
			);
			path = MathChildren;
			sourceTree = "<group>";
		};
		A61787E21EE7DC9800C6F6EB /* Resource */ = {
			isa = PBXGroup;
			children = (
				A657D4321EF3A4CA00E05529 /* btn_Refresh.png */,
				A657D4301EF3A46900E05529 /* btn_Play.png */,
				A657D42E1EF3A45000E05529 /* btn_Setting.png */,
				A657D42C1EF3A44300E05529 /* btn_Info.png */,
				A657D42A1EF3A42F00E05529 /* btn_Close.png */,
				A657D4261EF3A0FA00E05529 /* Background_Home.jpg */,
				A657D4201EF3990300E05529 /* logo.png */,
				D3459FAA1EEB27FA00CDB8BD /* SCOREBOARD.ttf */,
				A63A46381EE801820014C09A /* signboard_Score.png */,
				A63A46391EE801820014C09A /* signboard_Result.png */,
				A61787ED1EE7E0C400C6F6EB /* Background.jpg */,
				A61787E71EE7DD8000C6F6EB /* signboard_Caculation.png */,
			);
			name = Resource;
			sourceTree = "<group>";
		};
/* End PBXGroup section */

/* Begin PBXNativeTarget section */
		A61787CB1EE7BC4C00C6F6EB /* MathChildren */ = {
			isa = PBXNativeTarget;
			buildConfigurationList = A61787DE1EE7BC4C00C6F6EB /* Build configuration list for PBXNativeTarget "MathChildren" */;
			buildPhases = (
				A61787C81EE7BC4C00C6F6EB /* Sources */,
				A61787C91EE7BC4C00C6F6EB /* Frameworks */,
				A61787CA1EE7BC4C00C6F6EB /* Resources */,
			);
			buildRules = (
			);
			dependencies = (
			);
			name = MathChildren;
			productName = MathChildren;
			productReference = A61787CC1EE7BC4C00C6F6EB /* MathChildren.app */;
			productType = "com.apple.product-type.application";
		};
/* End PBXNativeTarget section */

/* Begin PBXProject section */
		A61787C41EE7BC4C00C6F6EB /* Project object */ = {
			isa = PBXProject;
			attributes = {
				LastSwiftUpdateCheck = 0820;
				LastUpgradeCheck = 0820;
				ORGANIZATIONNAME = Tung;
				TargetAttributes = {
					A61787CB1EE7BC4C00C6F6EB = {
						CreatedOnToolsVersion = 8.2.1;
						DevelopmentTeam = P3Z8595GF2;
						ProvisioningStyle = Automatic;
					};
				};
			};
			buildConfigurationList = A61787C71EE7BC4C00C6F6EB /* Build configuration list for PBXProject "MathChildren" */;
			compatibilityVersion = "Xcode 3.2";
			developmentRegion = English;
			hasScannedForEncodings = 0;
			knownRegions = (
				en,
				Base,
			);
			mainGroup = A61787C31EE7BC4C00C6F6EB;
			productRefGroup = A61787CD1EE7BC4C00C6F6EB /* Products */;
			projectDirPath = "";
			projectRoot = "";
			targets = (
				A61787CB1EE7BC4C00C6F6EB /* MathChildren */,
			);
		};
/* End PBXProject section */

/* Begin PBXResourcesBuildPhase section */
		A61787CA1EE7BC4C00C6F6EB /* Resources */ = {
			isa = PBXResourcesBuildPhase;
			buildActionMask = 2147483647;
			files = (
				A657D4271EF3A0FA00E05529 /* Background_Home.jpg in Resources */,
				A61787DA1EE7BC4C00C6F6EB /* LaunchScreen.storyboard in Resources */,
				A657D42D1EF3A44300E05529 /* btn_Info.png in Resources */,
				A61787EE1EE7E0C400C6F6EB /* Background.jpg in Resources */,
				A657D4211EF3990300E05529 /* logo.png in Resources */,
				A657D4331EF3A4CA00E05529 /* btn_Refresh.png in Resources */,
				A63A463A1EE801820014C09A /* signboard_Score.png in Resources */,
				A657D42B1EF3A42F00E05529 /* btn_Close.png in Resources */,
				A657D4311EF3A46900E05529 /* btn_Play.png in Resources */,
				A61787E81EE7DD8000C6F6EB /* signboard_Caculation.png in Resources */,
				A61787D71EE7BC4C00C6F6EB /* Assets.xcassets in Resources */,
				A61787D51EE7BC4C00C6F6EB /* Main.storyboard in Resources */,
				A657D42F1EF3A45000E05529 /* btn_Setting.png in Resources */,
				A63A463B1EE801820014C09A /* signboard_Result.png in Resources */,
				D3459FAB1EEB27FA00CDB8BD /* SCOREBOARD.ttf in Resources */,
			);
			runOnlyForDeploymentPostprocessing = 0;
		};
/* End PBXResourcesBuildPhase section */

/* Begin PBXSourcesBuildPhase section */
		A61787C81EE7BC4C00C6F6EB /* Sources */ = {
			isa = PBXSourcesBuildPhase;
			buildActionMask = 2147483647;
			files = (
				A61787D21EE7BC4C00C6F6EB /* ViewController.swift in Sources */,
				A61787D01EE7BC4C00C6F6EB /* AppDelegate.swift in Sources */,
				A657D4391EF3C72900E05529 /* ViewHome.swift in Sources */,
			);
			runOnlyForDeploymentPostprocessing = 0;
		};
/* End PBXSourcesBuildPhase section */

/* Begin PBXVariantGroup section */
		A61787D31EE7BC4C00C6F6EB /* Main.storyboard */ = {
			isa = PBXVariantGroup;
			children = (
				A61787D41EE7BC4C00C6F6EB /* Base */,
			);
			name = Main.storyboard;
			sourceTree = "<group>";
		};
		A61787D81EE7BC4C00C6F6EB /* LaunchScreen.storyboard */ = {
			isa = PBXVariantGroup;
			children = (
				A61787D91EE7BC4C00C6F6EB /* Base */,
			);
			name = LaunchScreen.storyboard;
			sourceTree = "<group>";
		};
/* End PBXVariantGroup section */

/* Begin XCBuildConfiguration section */
		A61787DC1EE7BC4C00C6F6EB /* Debug */ = {
			isa = XCBuildConfiguration;
			buildSettings = {
				ALWAYS_SEARCH_USER_PATHS = NO;
				CLANG_ANALYZER_NONNULL = YES;
				CLANG_CXX_LANGUAGE_STANDARD = "gnu++0x";
				CLANG_CXX_LIBRARY = "libc++";
				CLANG_ENABLE_MODULES = YES;
				CLANG_ENABLE_OBJC_ARC = YES;
				CLANG_WARN_BOOL_CONVERSION = YES;
				CLANG_WARN_CONSTANT_CONVERSION = YES;
				CLANG_WARN_DIRECT_OBJC_ISA_USAGE = YES_ERROR;
				CLANG_WARN_DOCUMENTATION_COMMENTS = YES;
				CLANG_WARN_EMPTY_BODY = YES;
				CLANG_WARN_ENUM_CONVERSION = YES;
				CLANG_WARN_INFINITE_RECURSION = YES;
				CLANG_WARN_INT_CONVERSION = YES;
				CLANG_WARN_OBJC_ROOT_CLASS = YES_ERROR;
				CLANG_WARN_SUSPICIOUS_MOVE = YES;
				CLANG_WARN_UNREACHABLE_CODE = YES;
				CLANG_WARN__DUPLICATE_METHOD_MATCH = YES;
				"CODE_SIGN_IDENTITY[sdk=iphoneos*]" = "iPhone Developer";
				COPY_PHASE_STRIP = NO;
				DEBUG_INFORMATION_FORMAT = dwarf;
				ENABLE_STRICT_OBJC_MSGSEND = YES;
				ENABLE_TESTABILITY = YES;
				GCC_C_LANGUAGE_STANDARD = gnu99;
				GCC_DYNAMIC_NO_PIC = NO;
				GCC_NO_COMMON_BLOCKS = YES;
				GCC_OPTIMIZATION_LEVEL = 0;
				GCC_PREPROCESSOR_DEFINITIONS = (
					"DEBUG=1",
					"$(inherited)",
				);
				GCC_WARN_64_TO_32_BIT_CONVERSION = YES;
				GCC_WARN_ABOUT_RETURN_TYPE = YES_ERROR;
				GCC_WARN_UNDECLARED_SELECTOR = YES;
				GCC_WARN_UNINITIALIZED_AUTOS = YES_AGGRESSIVE;
				GCC_WARN_UNUSED_FUNCTION = YES;
				GCC_WARN_UNUSED_VARIABLE = YES;
				IPHONEOS_DEPLOYMENT_TARGET = 10.2;
				MTL_ENABLE_DEBUG_INFO = YES;
				ONLY_ACTIVE_ARCH = YES;
				SDKROOT = iphoneos;
				SWIFT_ACTIVE_COMPILATION_CONDITIONS = DEBUG;
				SWIFT_OPTIMIZATION_LEVEL = "-Onone";
			};
			name = Debug;
		};
		A61787DD1EE7BC4C00C6F6EB /* Release */ = {
			isa = XCBuildConfiguration;
			buildSettings = {
				ALWAYS_SEARCH_USER_PATHS = NO;
				CLANG_ANALYZER_NONNULL = YES;
				CLANG_CXX_LANGUAGE_STANDARD = "gnu++0x";
				CLANG_CXX_LIBRARY = "libc++";
				CLANG_ENABLE_MODULES = YES;
				CLANG_ENABLE_OBJC_ARC = YES;
				CLANG_WARN_BOOL_CONVERSION = YES;
				CLANG_WARN_CONSTANT_CONVERSION = YES;
				CLANG_WARN_DIRECT_OBJC_ISA_USAGE = YES_ERROR;
				CLANG_WARN_DOCUMENTATION_COMMENTS = YES;
				CLANG_WARN_EMPTY_BODY = YES;
				CLANG_WARN_ENUM_CONVERSION = YES;
				CLANG_WARN_INFINITE_RECURSION = YES;
				CLANG_WARN_INT_CONVERSION = YES;
				CLANG_WARN_OBJC_ROOT_CLASS = YES_ERROR;
				CLANG_WARN_SUSPICIOUS_MOVE = YES;
				CLANG_WARN_UNREACHABLE_CODE = YES;
				CLANG_WARN__DUPLICATE_METHOD_MATCH = YES;
				"CODE_SIGN_IDENTITY[sdk=iphoneos*]" = "iPhone Developer";
				COPY_PHASE_STRIP = NO;
				DEBUG_INFORMATION_FORMAT = "dwarf-with-dsym";
				ENABLE_NS_ASSERTIONS = NO;
				ENABLE_STRICT_OBJC_MSGSEND = YES;
				GCC_C_LANGUAGE_STANDARD = gnu99;
				GCC_NO_COMMON_BLOCKS = YES;
				GCC_WARN_64_TO_32_BIT_CONVERSION = YES;
				GCC_WARN_ABOUT_RETURN_TYPE = YES_ERROR;
				GCC_WARN_UNDECLARED_SELECTOR = YES;
				GCC_WARN_UNINITIALIZED_AUTOS = YES_AGGRESSIVE;
				GCC_WARN_UNUSED_FUNCTION = YES;
				GCC_WARN_UNUSED_VARIABLE = YES;
				IPHONEOS_DEPLOYMENT_TARGET = 10.2;
				MTL_ENABLE_DEBUG_INFO = NO;
				SDKROOT = iphoneos;
				SWIFT_OPTIMIZATION_LEVEL = "-Owholemodule";
				VALIDATE_PRODUCT = YES;
			};
			name = Release;
		};
		A61787DF1EE7BC4C00C6F6EB /* Debug */ = {
			isa = XCBuildConfiguration;
			buildSettings = {
				ASSETCATALOG_COMPILER_APPICON_NAME = AppIcon;
				DEVELOPMENT_TEAM = P3Z8595GF2;
				INFOPLIST_FILE = MathChildren/Info.plist;
				LD_RUNPATH_SEARCH_PATHS = "$(inherited) @executable_path/Frameworks";
				PRODUCT_BUNDLE_IDENTIFIER = Tung.MathChildren;
				PRODUCT_NAME = "$(TARGET_NAME)";
				SWIFT_VERSION = 3.0;
				TARGETED_DEVICE_FAMILY = "1,2";
			};
			name = Debug;
		};
		A61787E01EE7BC4C00C6F6EB /* Release */ = {
			isa = XCBuildConfiguration;
			buildSettings = {
				ASSETCATALOG_COMPILER_APPICON_NAME = AppIcon;
				DEVELOPMENT_TEAM = P3Z8595GF2;
				INFOPLIST_FILE = MathChildren/Info.plist;
				LD_RUNPATH_SEARCH_PATHS = "$(inherited) @executable_path/Frameworks";
				PRODUCT_BUNDLE_IDENTIFIER = Tung.MathChildren;
				PRODUCT_NAME = "$(TARGET_NAME)";
				SWIFT_VERSION = 3.0;
				TARGETED_DEVICE_FAMILY = "1,2";
			};
			name = Release;
		};
/* End XCBuildConfiguration section */

/* Begin XCConfigurationList section */
		A61787C71EE7BC4C00C6F6EB /* Build configuration list for PBXProject "MathChildren" */ = {
			isa = XCConfigurationList;
			buildConfigurations = (
				A61787DC1EE7BC4C00C6F6EB /* Debug */,
				A61787DD1EE7BC4C00C6F6EB /* Release */,
			);
			defaultConfigurationIsVisible = 0;
			defaultConfigurationName = Release;
		};
		A61787DE1EE7BC4C00C6F6EB /* Build configuration list for PBXNativeTarget "MathChildren" */ = {
			isa = XCConfigurationList;
			buildConfigurations = (
				A61787DF1EE7BC4C00C6F6EB /* Debug */,
				A61787E01EE7BC4C00C6F6EB /* Release */,
			);
			defaultConfigurationIsVisible = 0;
			defaultConfigurationName = Release;
		};
/* End XCConfigurationList section */
	};
	rootObject = A61787C41EE7BC4C00C6F6EB /* Project object */;
}
